{
  "name": "form-frequency-motion-study",
  "version": "1.0.0",
  "lockfileVersion": 3,
  "requires": true,
  "packages": {
    "": {
      "name": "form-frequency-motion-study",
      "version": "1.0.0",
      "dependencies": {
        "@remotion/renderer": "4.0.532"
      }
    },
    "node_modules/@remotion/compositor-darwin-arm64": {
      "version": "4.0.532",
      "resolved": "https://registry.npmjs.org/@remotion/compositor-darwin-arm64/-/compositor-darwin-arm64-4.0.532.tgz",
      "integrity": "sha512-K/RID6hvhRqiE1q/DTurkmG/6SrD9b918fgqvmntFpFiU3bc8Ti9ZaYQCOwTwOA6mVBh6oneuHuoA2QpFlP0Qg==",
      "cpu": [
        "arm64"
      ],
      "optional": true,
      "os": [
        "darwin"
      ]
    },
    "node_modules/@remotion/compositor-darwin-x64": {
      "version": "4.0.532",
      "resolved": "https://registry.npmjs.org/@remotion/compositor-darwin-x64/-/compositor-darwin-x64-4.0.532.tgz",
      "integrity": "sha512-mggi24c5As/H6wYoCr22oTRPVeblvNMdenh+bi7316lvBpBDgSXeIUkXvUEG4379lJQtshks0UfwkBkqnePyvg==",
      "cpu": [
        "x64"
      ],
      "optional": true,
      "os": [
        "darwin"
      ]
    },
    "node_modules/@remotion/compositor-linux-arm64-gnu": {
      "version": "4.0.532",
      "resolved": "https://registry.npmjs.org/@remotion/compositor-linux-arm64-gnu/-/compositor-linux-arm64-gnu-4.0.532.tgz",
      "integrity": "sha512-7ZPI1t6k0NEbJHP6fSjgdJJymyOQCtExeC6nqs6P5jYQ6UT5xKZyIEiytAAXJ6KQBOWlyuhvU1iHgYpAHYKXlA==",
      "cpu": [
        "arm64"
      ],
      "optional": true,
      "os": [
        "linux"
      ]
    },
    "node_modules/@remotion/compositor-linux-arm64-musl": {
      "version": "4.0.532",
      "resolved": "https://registry.npmjs.org/@remotion/compositor-linux-arm64-musl/-/compositor-linux-arm64-musl-4.0.532.tgz",
      "integrity": "sha512-DatMaiMqiO+2rAXSgE+61V3WmmL6sRQPJd15PTI7k6F905ewM0TlXhyoEp1P/vCS1M0xBEgI/XNeEcr0yVEJXQ==",
      "cpu": [
        "arm64"
      ],
      "optional": true,
      "os": [
        "linux"
      ]
    },
    "node_modules/@remotion/compositor-linux-x64-gnu": {
      "version": "4.0.532",
      "resolved": "https://registry.npmjs.org/@remotion/compositor-linux-x64-gnu/-/compositor-linux-x64-gnu-4.0.532.tgz",
      "integrity": "sha512-XmXrGroGga9pYJ4CfexCun2rh64WvsIVuTPYEWSpfFnHGsD9Pa7ljOio9A1B+6qAoz6iZeXZFKAOTH1COD5KJg==",
      "cpu": [
        "x64"
      ],
      "optional": true,
      "os": [
        "linux"
      ]
    },
    "node_modules/@remotion/compositor-linux-x64-musl": {
      "version": "4.0.532",
      "resolved": "https://registry.npmjs.org/@remotion/compositor-linux-x64-musl/-/compositor-linux-x64-musl-4.0.532.tgz",
      "integrity": "sha512-y05BgTyOw3KbavIWm3n8AxsnmIt2PgoqH1ZFuZySkEvrGWY2oq+t1i7kBqMvNvCDRzv+wca5wb0FaGi4GXXIjg==",
      "cpu": [
        "x64"
      ],
      "optional": true,
      "os": [
        "linux"
      ]
    },
    "node_modules/@remotion/compositor-win32-x64-msvc": {
      "version": "4.0.532",
      "resolved": "https://registry.npmjs.org/@remotion/compositor-win32-x64-msvc/-/compositor-win32-x64-msvc-4.0.532.tgz",
      "integrity": "sha512-OES5+mlcBTxcQc7VXszEqwbpnAU593P5uuXDGPz6VC/FMivFtOGmBObE8LQ3azAkVfls4Arjxh33U44inlCweg==",
      "cpu": [
        "x64"
      ],
      "optional": true,
      "os": [
        "win32"
      ]
    },
    "node_modules/@remotion/licensing": {
      "version": "4.0.532",
      "resolved": "https://registry.npmjs.org/@remotion/licensing/-/licensing-4.0.532.tgz",
      "integrity": "sha512-rVFt+XpEn4X5aOiy1DDCjJeUKgGey1ftYK812W8iEBZkcl6hlb1eq9SyQTIX0JlTtMzdJrev6+jLSnLCOj69OQ==",
      "license": "MIT"
    },
    "node_modules/@remotion/renderer": {
      "version": "4.0.532",
      "resolved": "https://registry.npmjs.org/@remotion/renderer/-/renderer-4.0.532.tgz",
      "integrity": "sha512-Iy5JVGKBglJNBzu5uT9qKG8ZK2HqK9dZWn1gVG+BjyH0QAlvry3E5drra6hRmI0e9nhu2HxT9MrKQ0oLIfX5hA==",
      "license": "SEE LICENSE IN LICENSE.md",
      "dependencies": {
        "@remotion/licensing": "4.0.532",
        "@remotion/streaming": "4.0.532",
        "execa": "5.1.1",
        "remotion": "4.0.532",
        "source-map": "0.8.0",
        "ws": "8.21.0"
      },
      "optionalDependencies": {
        "@remotion/compositor-darwin-arm64": "4.0.532",
        "@remotion/compositor-darwin-x64": "4.0.532",
        "@remotion/compositor-linux-arm64-gnu": "4.0.532",
        "@remotion/compositor-linux-arm64-musl": "4.0.532",
        "@remotion/compositor-linux-x64-gnu": "4.0.532",
        "@remotion/compositor-linux-x64-musl": "4.0.532",
        "@remotion/compositor-win32-x64-msvc": "4.0.532"
      },
      "peerDependencies": {
        "react": ">=16.8.0",
        "react-dom": ">=16.8.0"
      }
    },
    "node_modules/@remotion/streaming": {
      "version": "4.0.532",
      "resolved": "https://registry.npmjs.org/@remotion/streaming/-/streaming-4.0.532.tgz",
      "integrity": "sha512-1Lw5HQzznHEfSq2HjXEJHbWsXLHLjqiQ2CfUaeMHtpFCR2AqUle13vbnqw+yG96e2GmnHhRPwQONSMtGHSjnfw==",
      "license": "MIT"
    },
    "node_modules/cross-spawn": {
      "version": "7.0.6",
      "resolved": "https://registry.npmjs.org/cross-spawn/-/cross-spawn-7.0.6.tgz",
      "integrity": "sha512-uV2QOWP2nWzsy2aMp8aRibhi9dlzF5Hgh5SHaB9OiTGEyDTiJJyx0uy51QXdyWbtAHNua4XJzUKca3OzKUd3vA==",
      "license": "MIT",
      "dependencies": {
        "path-key": "^3.1.0",
        "shebang-command": "^2.0.0",
        "which": "^2.0.1"
      },
      "engines": {
        "node": ">= 8"
      }
    },
    "node_modules/execa": {
      "version": "5.1.1",
      "resolved": "https://registry.npmjs.org/execa/-/execa-5.1.1.tgz",
      "integrity": "sha512-8uSpZZocAZRBAPIEINJj3Lo9HyGitllczc27Eh5YYojjMFMn8yHMDMaUHE2Jqfq05D/wucwI4JGURyXt1vchyg==",
      "license": "MIT",
      "dependencies": {
        "cross-spawn": "^7.0.3",
        "get-stream": "^6.0.0",
        "human-signals": "^2.1.0",
        "is-stream": "^2.0.0",
        "merge-stream": "^2.0.0",
        "npm-run-path": "^4.0.1",
        "onetime": "^5.1.2",
        "signal-exit": "^3.0.3",
        "strip-final-newline": "^2.0.0"
      },
      "engines": {
        "node": ">=10"
      },
      "funding": {
        "url": "https://github.com/sindresorhus/execa?sponsor=1"
      }
    },
    "node_modules/get-stream": {
      "version": "6.0.1",
      "resolved": "https://registry.npmjs.org/get-stream/-/get-stream-6.0.1.tgz",
      "integrity": "sha512-ts6Wi+2j3jQjqi70w5AlN8DFnkSwC+MqmxEzdEALB2qXZYV3X/b1CTfgPLGJNMeAWxdPfU8FO1ms3NUfaHCPYg==",
      "license": "MIT",
      "engines": {
        "node": ">=10"
      },
      "funding": {
        "url": "https://github.com/sponsors/sindresorhus"
      }
    },
    "node_modules/human-signals": {
      "version": "2.1.0",
      "resolved": "https://registry.npmjs.org/human-signals/-/human-signals-2.1.0.tgz",
      "integrity": "sha512-B4FFZ6q/T2jhhksgkbEW3HBvWIfDW85snkQgawt07S7J5QXTk6BkNV+0yAeZrM5QpMAdYlocGoljn0sJ/WQkFw==",
      "license": "Apache-2.0",
      "engines": {
        "node": ">=10.17.0"
      }
    },
    "node_modules/is-stream": {
      "version": "2.0.1",
      "resolved": "https://registry.npmjs.org/is-stream/-/is-stream-2.0.1.tgz",
      "integrity": "sha512-hFoiJiTl63nn+kstHGBtewWSKnQLpyb155KHheA1l39uvtO9nWIop1p3udqPcUd/xbF1VLMO4n7OI6p7RbngDg==",
      "license": "MIT",
      "engines": {
        "node": ">=8"
      },
      "funding": {
        "url": "https://github.com/sponsors/sindresorhus"
      }
    },
    "node_modules/isexe": {
      "version": "2.0.0",
      "resolved": "https://registry.npmjs.org/isexe/-/isexe-2.0.0.tgz",
      "integrity": "sha512-RHxMLp9lnKHGHRng9QFhRCMbYAcVpn69smSGcq3f36xjgVVWThj4qqLbTLlq7Ssj8B+fIQ1EuCEGI2lKsyQeIw==",
      "license": "ISC"
    },
    "node_modules/merge-stream": {
      "version": "2.0.0",
      "resolved": "https://registry.npmjs.org/merge-stream/-/merge-stream-2.0.0.tgz",
      "integrity": "sha512-abv/qOcuPfk3URPfDzmZU1LKmuw8kT+0nIHvKrKgFrwifol/doWcdA4ZqsWQ8ENrFKkd67Mfpo/LovbIUsbt3w==",
      "license": "MIT"
    },
    "node_modules/mimic-fn": {
      "version": "2.1.0",
      "resolved": "https://registry.npmjs.org/mimic-fn/-/mimic-fn-2.1.0.tgz",
      "integrity": "sha512-OqbOk5oEQeAZ8WXWydlu9HJjz9WVdEIvamMCcXmuqUYjTknH/sqsWvhQ3vgwKFRR1HpjvNBKQ37nbJgYzGqGcg==",
      "license": "MIT",
      "engines": {
        "node": ">=6"
      }
    },
    "node_modules/npm-run-path": {
      "version": "4.0.1",
      "resolved": "https://registry.npmjs.org/npm-run-path/-/npm-run-path-4.0.1.tgz",
      "integrity": "sha512-S48WzZW777zhNIrn7gxOlISNAqi9ZC/uQFnRdbeIHhZhCA6UqpkOT8T1G7BvfdgP4Er8gF4sUbaS0i7QvIfCWw==",
      "license": "MIT",
      "dependencies": {
        "path-key": "^3.0.0"
      },
      "engines": {
        "node": ">=8"
      }
    },
    "node_modules/onetime": {
      "version": "5.1.2",
      "resolved": "https://registry.npmjs.org/onetime/-/onetime-5.1.2.tgz",
      "integrity": "sha512-kbpaSSGJTWdAY5KPVeMOKXSrPtr8C8C7wodJbcsd51jRnmD+GZu8Y0VoU6Dm5Z4vWr0Ig/1NKuWRKf7j5aaYSg==",
      "license": "MIT",
      "dependencies": {
        "mimic-fn": "^2.1.0"
      },
      "engines": {
        "node": ">=6"
      },
      "funding": {
        "url": "https://github.com/sponsors/sindresorhus"
      }
    },
    "node_modules/path-key": {
      "version": "3.1.1",
      "resolved": "https://registry.npmjs.org/path-key/-/path-key-3.1.1.tgz",
      "integrity": "sha512-ojmeN0qd+y0jszEtoY48r0Peq5dwMEkIlCOu6Q5f41lfkswXuKtYrhgoTpLnyIcHm24Uhqx+5Tqm2InSwLhE6Q==",
      "license": "MIT",
      "engines": {
        "node": ">=8"
      }
    },
    "node_modules/react": {
      "version": "19.3.0",
      "resolved": "https://registry.npmjs.org/react/-/react-19.3.0.tgz",
      "integrity": "sha512-E8LUcbtBWt20bbl2YoHfx4ZDBdxVTfOKtCZn9cDSJ4l6/nuoApcpIBcj47t2wZoVX8g2ZHuMHbiShgCR1T5Sog==",
      "license": "MIT",
      "peer": true,
      "engines": {
        "node": ">=0.10.0"
      }
    },
    "node_modules/react-dom": {
      "version": "19.3.0",
      "resolved": "https://registry.npmjs.org/react-dom/-/react-dom-19.3.0.tgz",
      "integrity": "sha512-JDk8dgif51OjFoDE70+OT9ICyYr+69HlmihNwp1+Nsfbna3t5sIiCa9ZJktDmQ4/1b/rn26hIAR2uYXDMr5r0Q==",
      "license": "MIT",
      "peer": true,
      "dependencies": {
        "scheduler": "^0.28.0"
      },
      "peerDependencies": {
        "react": "^19.3.0"
      }
    },
    "node_modules/remotion": {
      "version": "4.0.532",
      "resolved": "https://registry.npmjs.org/remotion/-/remotion-4.0.532.tgz",
      "integrity": "sha512-YsxSVz4E7HDKhC9v+O9sNCA9ud05VuWbjTX/ko51lf4MV+uyyrvsAyVNbPW2pW9Nk5Ty+JPdW3osRr5A+hXOoA==",
      "license": "SEE LICENSE IN LICENSE.md",
      "peerDependencies": {
        "react": ">=16.8.0",
        "react-dom": ">=16.8.0"
      }
    },
    "node_modules/scheduler": {
      "version": "0.28.0",
      "resolved": "https://registry.npmjs.org/scheduler/-/scheduler-0.28.0.tgz",
      "integrity": "sha512-juorfCmIkIw8tT+p5BXSm6PJjQF/ycEYmKyzURCIt/RaZIhL+PulbQ9Yu2z1HdOJDdqDTlxA1+xKBmHXJsczAw==",
      "license": "MIT",
      "peer": true
    },
    "node_modules/shebang-command": {
      "version": "2.0.0",
      "resolved": "https://registry.npmjs.org/shebang-command/-/shebang-command-2.0.0.tgz",
      "integrity": "sha512-kHxr2zZpYtdmrN1qDjrrX/Z1rR1kG8Dx+gkpK1G4eXmvXswmcE1hTWBWYUzlraYw1/yZp6YuDY77YtvbN0dmDA==",
      "license": "MIT",
      "dependencies": {
        "shebang-regex": "^3.0.0"
      },
      "engines": {
        "node": ">=8"
      }
    },
    "node_modules/shebang-regex": {
      "version": "3.0.0",
      "resolved": "https://registry.npmjs.org/shebang-regex/-/shebang-regex-3.0.0.tgz",
      "integrity": "sha512-7++dFhtcx3353uBaq8DDR4NuxBetBzC7ZQOhmTQInHEd6bSrXdiEyzCvG07Z44UYdLShWUyXt5M/yhz8ekcb1A==",
      "license": "MIT",
      "engines": {
        "node": ">=8"
      }
    },
    "node_modules/signal-exit": {
      "version": "3.0.7",
      "resolved": "https://registry.npmjs.org/signal-exit/-/signal-exit-3.0.7.tgz",
      "integrity": "sha512-wnD2ZE+l+SPC/uoS0vXeE9L1+0wuaMqKlfz9AMUo38JsyLSBWSFcHR1Rri62LZc12vLr1gb3jl7iwQhgwpAbGQ==",
      "license": "ISC"
    },
    "node_modules/source-map": {
      "version": "0.8.0",
      "resolved": "https://registry.npmjs.org/source-map/-/source-map-0.8.0.tgz",
      "integrity": "sha512-d8EqvL+k/SOXCreS/SUzg2ciyHqBBLcN/yuRjFsbvVhHTE2pgei7oAhmPM7kWFbkX6OSMQfUq4KbkF3au9lhYQ==",
      "license": "BSD-3-Clause",
      "engines": {
        "node": ">= 12"
      }
    },
    "node_modules/strip-final-newline": {
      "version": "2.0.0",
      "resolved": "https://registry.npmjs.org/strip-final-newline/-/strip-final-newline-2.0.0.tgz",
      "integrity": "sha512-BrpvfNAE3dcvq7ll3xVumzjKjZQ5tI1sEUIKr3Uoks0XUl45St3FlatVqef9prk4jRDzhW6WZg+3bk93y6pLjA==",
      "license": "MIT",
      "engines": {
        "node": ">=6"
      }
    },
    "node_modules/which": {
      "version": "2.0.2",
      "resolved": "https://registry.npmjs.org/which/-/which-2.0.2.tgz",
      "integrity": "sha512-BLI3Tl1TW3Pvl70l3yq3Y64i+awpwXqsGBYWkkqMtnbXgrMD+yj7rhW0kuEDxzJaYXGjEW5ogapKNMEKNMjibA==",
      "license": "ISC",
      "dependencies": {
        "isexe": "^2.0.0"
      },
      "bin": {
        "node-which": "bin/node-which"
      },
      "engines": {
        "node": ">= 8"
      }
    },
    "node_modules/ws": {
      "version": "8.21.0",
      "resolved": "https://registry.npmjs.org/ws/-/ws-8.21.0.tgz",
      "integrity": "sha512-Vsp28b7DRcimFQvrqu2Wek3z1iYxDCWqHYB8Qsnk/S4RfaCQzPGPyBNuVjJV3cd6UiKtUtp6sNM77gWvzcCH+g==",
      "license": "MIT",
      "engines": {
        "node": ">=10.0.0"
      },
      "peerDependencies": {
        "bufferutil": "^4.0.1",
        "utf-8-validate": ">=5.0.2"
      },
      "peerDependenciesMeta": {
        "bufferutil": {
          "optional": true
        },
        "utf-8-validate": {
          "optional": true
        }
      }
    }
  }
}
